
Microsoft Visual Studio Solution File, Format Version 12.00
# Visual Studio Version 17
VisualStudioVersion = 17.3.32929.385
MinimumVisualStudioVersion = 10.0.40219.1
Project("{FAE04EC0-301F-11D3-BF4B-00C04F79EFBC}") = "CASSIE_Maker", "CASSIE_Maker\CASSIE_Maker.csproj", "{F879C1AB-F18D-4396-9304-D199240147DD}"
EndProject
Global
	GlobalSection(SolutionConfigurationPlatforms) = preSolution
		Debug|Any CPU = Debug|Any CPU
		Release|Any CPU = Release|Any CPU
	EndGlobalSection
	GlobalSection(ProjectConfigurationPlatforms) = postSolution
		{F879C1AB-F18D-4396-9304-D199240147DD}.Debug|Any CPU.ActiveCfg = Debug|Any CPU
		{F879C1AB-F18D-4396-9304-D199240147DD}.Debug|Any CPU.Build.0 = Debug|Any CPU
		{F879C1AB-F18D-4396-9304-D199240147DD}.Release|Any CPU.ActiveCfg = Release|Any CPU
		{F879C1AB-F18D-4396-9304-D199240147DD}.Release|Any CPU.Build.0 = Release|Any CPU
	EndGlobalSection
	GlobalSection(SolutionProperties) = preSolution
		HideSolutionNode = FALSE
	EndGlobalSection
	GlobalSection(ExtensibilityGlobals) = postSolution
		SolutionGuid = {D484C8F9-FF7D-4F29-9693-8705A646A22A}
	EndGlobalSection
EndGlobal
